# THIS IS AN AUTOGENERATED FILE. DO NOT EDIT THIS FILE DIRECTLY.
# yarn lockfile v1


angular-cookies@^1.6.9:
  version "1.6.9"
  resolved "https://registry.yarnpkg.com/angular-cookies/-/angular-cookies-1.6.9.tgz#7cadddab1eda8a2fce6901d19e651be5cd320758"

angular-route@^1.6.9:
  version "1.6.9"
  resolved "https://registry.yarnpkg.com/angular-route/-/angular-route-1.6.9.tgz#73c63cec6a8a6b924698aec635eac32aa41f5e2b"

angular@^1.6.9:
  version "1.6.9"
  resolved "https://registry.yarnpkg.com/angular/-/angular-1.6.9.tgz#bc812932e18909038412d594a5990f4bb66c0619"

bootstrap@^4.0.0:
  version "4.0.0"
  resolved "https://registry.yarnpkg.com/bootstrap/-/bootstrap-4.0.0.tgz#ceb03842c145fcc1b9b4e15da2a05656ba68469a"

font-awesome@^4.7.0:
  version "4.7.0"
  resolved "https://registry.yarnpkg.com/font-awesome/-/font-awesome-4.7.0.tgz#8fa8cf0411a1a31afd07b06d2902bb9fc815a133"

jquery@^3.3.1:
  version "3.3.1"
  resolved "https://registry.yarnpkg.com/jquery/-/jquery-3.3.1.tgz#958ce29e81c9790f31be7792df5d4d95fc57fbca"

popper.js@^1.12.9:
  version "1.12.9"
  resolved "https://registry.yarnpkg.com/popper.js/-/popper.js-1.12.9.tgz#0dfbc2dff96c451bb332edcfcfaaf566d331d5b3"

wheelnav@^1.7.1:
  version "1.7.1"
  resolved "https://registry.yarnpkg.com/wheelnav/-/wheelnav-1.7.1.tgz#64edb72e06f8fa5637955afdcacda9bf45959721"
